
Microsoft Visual Studio Solution File, Format Version 12.00
# Visual Studio Version 16
VisualStudioVersion = 16.0.31129.286
MinimumVisualStudioVersion = 10.0.40219.1
Project("{FAE04EC0-301F-11D3-BF4B-00C04F79EFBC}") = "Zadanie1", "Zadanie1.csproj", "{AC8FF120-8E28-42BB-8C82-96E740599DFA}"
EndProject
Project("{FAE04EC0-301F-11D3-BF4B-00C04F79EFBC}") = "zadanie2", "..\zadanie2\zadanie2.csproj", "{9932B2E1-1D43-44F5-96B0-9FAB75C5F189}"
EndProject
Project("{FAE04EC0-301F-11D3-BF4B-00C04F79EFBC}") = "zadanie3", "..\zadanie3\zadanie3.csproj", "{D0794411-9043-4FEA-ABCA-26BABFD40965}"
EndProject
Global
	GlobalSection(SolutionConfigurationPlatforms) = preSolution
		Debug|Any CPU = Debug|Any CPU
		Release|Any CPU = Release|Any CPU
	EndGlobalSection
	GlobalSection(ProjectConfigurationPlatforms) = postSolution
		{AC8FF120-8E28-42BB-8C82-96E740599DFA}.Debug|Any CPU.ActiveCfg = Debug|Any CPU
		{AC8FF120-8E28-42BB-8C82-96E740599DFA}.Debug|Any CPU.Build.0 = Debug|Any CPU
		{AC8FF120-8E28-42BB-8C82-96E740599DFA}.Release|Any CPU.ActiveCfg = Release|Any CPU
		{AC8FF120-8E28-42BB-8C82-96E740599DFA}.Release|Any CPU.Build.0 = Release|Any CPU
		{9932B2E1-1D43-44F5-96B0-9FAB75C5F189}.Debug|Any CPU.ActiveCfg = Debug|Any CPU
		{9932B2E1-1D43-44F5-96B0-9FAB75C5F189}.Debug|Any CPU.Build.0 = Debug|Any CPU
		{9932B2E1-1D43-44F5-96B0-9FAB75C5F189}.Release|Any CPU.ActiveCfg = Release|Any CPU
		{9932B2E1-1D43-44F5-96B0-9FAB75C5F189}.Release|Any CPU.Build.0 = Release|Any CPU
		{D0794411-9043-4FEA-ABCA-26BABFD40965}.Debug|Any CPU.ActiveCfg = Debug|Any CPU
		{D0794411-9043-4FEA-ABCA-26BABFD40965}.Debug|Any CPU.Build.0 = Debug|Any CPU
		{D0794411-9043-4FEA-ABCA-26BABFD40965}.Release|Any CPU.ActiveCfg = Release|Any CPU
		{D0794411-9043-4FEA-ABCA-26BABFD40965}.Release|Any CPU.Build.0 = Release|Any CPU
	EndGlobalSection
	GlobalSection(SolutionProperties) = preSolution
		HideSolutionNode = FALSE
	EndGlobalSection
	GlobalSection(ExtensibilityGlobals) = postSolution
		SolutionGuid = {A277A4AB-91E2-4818-A8FB-FBCFFEB644DB}
	EndGlobalSection
EndGlobal
